
Microsoft Visual Studio Solution File, Format Version 12.00
# Visual Studio Version 16
VisualStudioVersion = 16.0.30225.117
MinimumVisualStudioVersion = 10.0.40219.1
Project("{FAE04EC0-301F-11D3-BF4B-00C04F79EFBC}") = "Elibrarymangement", "librarymangement\Elibrarymangement.csproj", "{3566A853-5A77-4291-BF70-2D5411A1E323}"
EndProject
Global
	GlobalSection(SolutionConfigurationPlatforms) = preSolution
		Debug|Any CPU = Debug|Any CPU
		Release|Any CPU = Release|Any CPU
	EndGlobalSection
	GlobalSection(ProjectConfigurationPlatforms) = postSolution
		{3566A853-5A77-4291-BF70-2D5411A1E323}.Debug|Any CPU.ActiveCfg = Debug|Any CPU
		{3566A853-5A77-4291-BF70-2D5411A1E323}.Debug|Any CPU.Build.0 = Debug|Any CPU
		{3566A853-5A77-4291-BF70-2D5411A1E323}.Release|Any CPU.ActiveCfg = Release|Any CPU
		{3566A853-5A77-4291-BF70-2D5411A1E323}.Release|Any CPU.Build.0 = Release|Any CPU
	EndGlobalSection
	GlobalSection(SolutionProperties) = preSolution
		HideSolutionNode = FALSE
	EndGlobalSection
	GlobalSection(ExtensibilityGlobals) = postSolution
		SolutionGuid = {50A3A154-ED69-4AB9-9E7D-EC899F0D76EE}
	EndGlobalSection
EndGlobal
